{
  "name": "lets-diff-package-lock-json",
  "version": "0.1.0",
  "lockfileVersion": 1,
  "requires": true,
  "dependencies": {
    "pkg001": {
      "version": "5.1.2",
      "resolved": "https://eeeeeeeeeeeeeeeeeeeeeeeeeeeee",
      "integrity": "sha512-DWX+Kd9iKycqyD+/B+gEFO3jjnt7Yg1O05lygYSNTe5i5PIxxxPjp5qPBDxPIzp5wreF7+1ROCwRgjEcqmzr3A==",
      "dev": true,
      "requires": {
        "github-slugger": "^1.0.0",
        "mdast-util-to-string": "^1.0.0",
        "unist-util-visit": "^1.0.0"
      },
      "dependencies": {
        "unist-util-visit": {
          "version": "1.4.1",
          "resolved": "https://eeeeeeeeeeeeeeeeeeeeeeeeeeeee",
          "integrity": "sha512-AvGNk7Bb//EmJZyhtRUnNMEpId/AZ5Ph/KUpTI09WHQuDZHKovQ1oEv3mfmKpWKtoMzyMC4GLBm1Zy5k12fjIw==",
          "dev": true,
          "requires": {
            "unist-util-visit-parents": "^2.0.0"
          }
        }
      }
    },
    "pkg002": {
      "version": "5.1.2",
      "resolved": "https://eeeeeeeeeeeeeeeeeeeeeeeeeeeee",
      "integrity": "sha512-DWX+Kd9iKycqyD+/B+gEFO3jjnt7Yg1O05lygYSNTe5i5PIxxxPjp5qPBDxPIzp5wreF7+1ROCwRgjEcqmzr3A==",
      "dev": true,
      "requires": {
        "github-slugger": "^1.0.0",
        "mdast-util-to-string": "^1.0.0",
        "unist-util-visit": "^1.0.0"
      },
      "dependencies": {
        "unist-util-visit": {
          "version": "1.4.1",
          "resolved": "https://eeeeeeeeeeeeeeeeeeeeeeeeeeeee",
          "integrity": "sha512-AvGNk7Bb//EmJZyhtRUnNMEpId/AZ5Ph/KUpTI09WHQuDZHKovQ1oEv3mfmKpWKtoMzyMC4GLBm1Zy5k12fjIw==",
          "dev": true,
          "requires": {
            "unist-util-visit-parents": "^2.0.0"
          },
          "dependencies": {
            "unist-util-visit": {
              "version": "1.4.1",
              "resolved": "https://eeeeeeeeeeeeeeeeeeeeeeeeeeeee",
              "integrity": "sha512-AvGNk7Bb//EmJZyhtRUnNMEpId/AZ5Ph/KUpTI09WHQuDZHKovQ1oEv3mfmKpWKtoMzyMC4GLBm1Zy5k12fjIw==",
              "dev": true,
              "requires": {
                "unist-util-visit-parents": "^2.0.0"
              },
              "dependencies": {
                "unist-util-visit": {
                  "version": "1.4.1",
                  "resolved": "https://eeeeeeeeeeeeeeeeeeeeeeeeeeeee",
                  "integrity": "sha512-AvGNk7Bb//EmJZyhtRUnNMEpId/AZ5Ph/KUpTI09WHQuDZHKovQ1oEv3mfmKpWKtoMzyMC4GLBm1Zy5k12fjIw==",
                  "dev": true,
                  "requires": {
                    "unist-util-visit-parents": "^2.0.00"
                  }
                }
              }
            }
          }
        }
      }
    },
    "pkg003": {
      "version": "5.1.2",
      "resolved": "https://eeeeeeeeeeeeeeeeeeeeeeeeeeeee",
      "integrity": "sha512-DWX+Kd9iKycqyD+/B+gEFO3jjnt7Yg1O05lygYSNTe5i5PIxxxPjp5qPBDxPIzp5wreF7+1ROCwRgjEcqmzr3A==",
      "dev": true,
      "requires": {
        "github-slugger": "^1.0.0",
        "mdast-util-to-string": "^1.0.0",
        "unist-util-visit": "^1.0.0"
      },
      "dependencies": {
        "unist-util-visit": {
          "version": "1.4.1",
          "resolved": "https://registry.npmjs.org/unist-util-visit/-/unist-util-visit-1.4.1.tgz",
          "integrity": "sha512-AvGNk7Bb//EmJZyhtRUnNMEpId/AZ5Ph/KUpTI09WHQuDZHKovQ1oEv3mfmKpWKtoMzyMC4GLBm1Zy5k12fjIw==",
          "dev": true,
          "requires": {
            "unist-util-visit-parents": "^2.0.0"
          }
        }
      }
    }
  }
}
